
Microsoft Visual Studio Solution File, Format Version 12.00
# Visual Studio Version 18
VisualStudioVersion = 18.1.11312.151 d18.0
MinimumVisualStudioVersion = 10.0.40219.1
Project("{FAE04EC0-301F-11D3-BF4B-00C04F79EFBC}") = "PowerGuard", "PowerGuard.csproj", "{4CFFB16F-A35C-0571-82E0-E6342A2DE9E1}"
EndProject
Global
	GlobalSection(SolutionConfigurationPlatforms) = preSolution
		Debug|Any CPU = Debug|Any CPU
		Release|Any CPU = Release|Any CPU
	EndGlobalSection
	GlobalSection(ProjectConfigurationPlatforms) = postSolution
		{4CFFB16F-A35C-0571-82E0-E6342A2DE9E1}.Debug|Any CPU.ActiveCfg = Debug|Any CPU
		{4CFFB16F-A35C-0571-82E0-E6342A2DE9E1}.Debug|Any CPU.Build.0 = Debug|Any CPU
		{4CFFB16F-A35C-0571-82E0-E6342A2DE9E1}.Release|Any CPU.ActiveCfg = Release|Any CPU
		{4CFFB16F-A35C-0571-82E0-E6342A2DE9E1}.Release|Any CPU.Build.0 = Release|Any CPU
	EndGlobalSection
	GlobalSection(SolutionProperties) = preSolution
		HideSolutionNode = FALSE
	EndGlobalSection
	GlobalSection(ExtensibilityGlobals) = postSolution
		SolutionGuid = {F09E4B41-C58E-43B5-B020-F9C4BADF3D70}
	EndGlobalSection
EndGlobal
